
Microsoft Visual Studio Solution File, Format Version 12.00
# Visual Studio Version 17
VisualStudioVersion = 17.5.002.0
MinimumVisualStudioVersion = 10.0.40219.1
Project("{9A19103F-16F7-4668-BE54-9A1E7A4F7556}") = "save_load", "save_load.csproj", "{6CBF7A4B-301A-4108-BD5E-C6CC2B37BD5B}"
EndProject
Global
	GlobalSection(SolutionConfigurationPlatforms) = preSolution
		Debug|Any CPU = Debug|Any CPU
		Release|Any CPU = Release|Any CPU
	EndGlobalSection
	GlobalSection(ProjectConfigurationPlatforms) = postSolution
		{6CBF7A4B-301A-4108-BD5E-C6CC2B37BD5B}.Debug|Any CPU.ActiveCfg = Debug|Any CPU
		{6CBF7A4B-301A-4108-BD5E-C6CC2B37BD5B}.Debug|Any CPU.Build.0 = Debug|Any CPU
		{6CBF7A4B-301A-4108-BD5E-C6CC2B37BD5B}.Release|Any CPU.ActiveCfg = Release|Any CPU
		{6CBF7A4B-301A-4108-BD5E-C6CC2B37BD5B}.Release|Any CPU.Build.0 = Release|Any CPU
	EndGlobalSection
	GlobalSection(SolutionProperties) = preSolution
		HideSolutionNode = FALSE
	EndGlobalSection
	GlobalSection(ExtensibilityGlobals) = postSolution
		SolutionGuid = {455B8E70-AD24-46F0-95CC-1C79D0439245}
	EndGlobalSection
EndGlobal
